
Microsoft Visual Studio Solution File, Format Version 12.00
# Visual Studio Version 17
VisualStudioVersion = 17.0.31903.59
MinimumVisualStudioVersion = 10.0.40219.1
Project("{FAE04EC0-301F-11D3-BF4B-00C04F79EFBC}") = "HelloGit", "HelloGit\HelloGit.csproj", "{EAAE4571-DC91-4712-AEE0-A94251937FBE}"
EndProject
Global
	GlobalSection(SolutionConfigurationPlatforms) = preSolution
		Debug|Any CPU = Debug|Any CPU
		Release|Any CPU = Release|Any CPU
	EndGlobalSection
	GlobalSection(ProjectConfigurationPlatforms) = postSolution
		{EAAE4571-DC91-4712-AEE0-A94251937FBE}.Debug|Any CPU.ActiveCfg = Debug|Any CPU
		{EAAE4571-DC91-4712-AEE0-A94251937FBE}.Debug|Any CPU.Build.0 = Debug|Any CPU
		{EAAE4571-DC91-4712-AEE0-A94251937FBE}.Release|Any CPU.ActiveCfg = Release|Any CPU
		{EAAE4571-DC91-4712-AEE0-A94251937FBE}.Release|Any CPU.Build.0 = Release|Any CPU
	EndGlobalSection
	GlobalSection(SolutionProperties) = preSolution
		HideSolutionNode = FALSE
	EndGlobalSection
	GlobalSection(ExtensibilityGlobals) = postSolution
		SolutionGuid = {E566BEF3-2037-444C-80DE-5363431D3D3D}
	EndGlobalSection
EndGlobal
